// !$*UTF8*$!
{
	archiveVersion = 1;
	classes = {
	};
	objectVersion = 56;
	objects = {

/* Begin PBXBuildFile section */
		6CA263F22AD967A800A6DEFF /* SocialMediaAppApp.swift in Sources */ = {isa = PBXBuildFile; fileRef = 6CA263F12AD967A800A6DEFF /* SocialMediaAppApp.swift */; };
		6CA263F42AD967A800A6DEFF /* ContentView.swift in Sources */ = {isa = PBXBuildFile; fileRef = 6CA263F32AD967A800A6DEFF /* ContentView.swift */; };
		6CA263F62AD967A900A6DEFF /* Assets.xcassets in Resources */ = {isa = PBXBuildFile; fileRef = 6CA263F52AD967A900A6DEFF /* Assets.xcassets */; };
		6CA263F92AD967A900A6DEFF /* Preview Assets.xcassets in Resources */ = {isa = PBXBuildFile; fileRef = 6CA263F82AD967A900A6DEFF /* Preview Assets.xcassets */; };
		6CA264032AD967A900A6DEFF /* SocialMediaAppTests.swift in Sources */ = {isa = PBXBuildFile; fileRef = 6CA264022AD967A900A6DEFF /* SocialMediaAppTests.swift */; };
		6CA2640D2AD967AA00A6DEFF /* SocialMediaAppUITests.swift in Sources */ = {isa = PBXBuildFile; fileRef = 6CA2640C2AD967AA00A6DEFF /* SocialMediaAppUITests.swift */; };
		6CA2640F2AD967AA00A6DEFF /* SocialMediaAppUITestsLaunchTests.swift in Sources */ = {isa = PBXBuildFile; fileRef = 6CA2640E2AD967AA00A6DEFF /* SocialMediaAppUITestsLaunchTests.swift */; };
/* End PBXBuildFile section */

/* Begin PBXContainerItemProxy section */
		6CA263FF2AD967A900A6DEFF /* PBXContainerItemProxy */ = {
			isa = PBXContainerItemProxy;
			containerPortal = 6CA263E62AD967A800A6DEFF /* Project object */;
			proxyType = 1;
			remoteGlobalIDString = 6CA263ED2AD967A800A6DEFF;
			remoteInfo = SocialMediaApp;
		};
		6CA264092AD967AA00A6DEFF /* PBXContainerItemProxy */ = {
			isa = PBXContainerItemProxy;
			containerPortal = 6CA263E62AD967A800A6DEFF /* Project object */;
			proxyType = 1;
			remoteGlobalIDString = 6CA263ED2AD967A800A6DEFF;
			remoteInfo = SocialMediaApp;
		};
/* End PBXContainerItemProxy section */

/* Begin PBXFileReference section */
		6CA263EE2AD967A800A6DEFF /* SocialMediaApp.app */ = {isa = PBXFileReference; explicitFileType = wrapper.application; includeInIndex = 0; path = SocialMediaApp.app; sourceTree = BUILT_PRODUCTS_DIR; };
		6CA263F12AD967A800A6DEFF /* SocialMediaAppApp.swift */ = {isa = PBXFileReference; lastKnownFileType = sourcecode.swift; path = SocialMediaAppApp.swift; sourceTree = "<group>"; };
		6CA263F32AD967A800A6DEFF /* ContentView.swift */ = {isa = PBXFileReference; lastKnownFileType = sourcecode.swift; path = ContentView.swift; sourceTree = "<group>"; };
		6CA263F52AD967A900A6DEFF /* Assets.xcassets */ = {isa = PBXFileReference; lastKnownFileType = folder.assetcatalog; path = Assets.xcassets; sourceTree = "<group>"; };
		6CA263F82AD967A900A6DEFF /* Preview Assets.xcassets */ = {isa = PBXFileReference; lastKnownFileType = folder.assetcatalog; path = "Preview Assets.xcassets"; sourceTree = "<group>"; };
		6CA263FE2AD967A900A6DEFF /* SocialMediaAppTests.xctest */ = {isa = PBXFileReference; explicitFileType = wrapper.cfbundle; includeInIndex = 0; path = SocialMediaAppTests.xctest; sourceTree = BUILT_PRODUCTS_DIR; };
		6CA264022AD967A900A6DEFF /* SocialMediaAppTests.swift */ = {isa = PBXFileReference; lastKnownFileType = sourcecode.swift; path = SocialMediaAppTests.swift; sourceTree = "<group>"; };
		6CA264082AD967AA00A6DEFF /* SocialMediaAppUITests.xctest */ = {isa = PBXFileReference; explicitFileType = wrapper.cfbundle; includeInIndex = 0; path = SocialMediaAppUITests.xctest; sourceTree = BUILT_PRODUCTS_DIR; };
		6CA2640C2AD967AA00A6DEFF /* SocialMediaAppUITests.swift */ = {isa = PBXFileReference; lastKnownFileType = sourcecode.swift; path = SocialMediaAppUITests.swift; sourceTree = "<group>"; };
		6CA2640E2AD967AA00A6DEFF /* SocialMediaAppUITestsLaunchTests.swift */ = {isa = PBXFileReference; lastKnownFileType = sourcecode.swift; path = SocialMediaAppUITestsLaunchTests.swift; sourceTree = "<group>"; };
/* End PBXFileReference section */

/* Begin PBXFrameworksBuildPhase section */
		6CA263EB2AD967A800A6DEFF /* Frameworks */ = {
			isa = PBXFrameworksBuildPhase;
			buildActionMask = 2147483647;
			files = (
			);
			runOnlyForDeploymentPostprocessing = 0;
		};
		6CA263FB2AD967A900A6DEFF /* Frameworks */ = {
			isa = PBXFrameworksBuildPhase;
			buildActionMask = 2147483647;
			files = (
			);
			runOnlyForDeploymentPostprocessing = 0;
		};
		6CA264052AD967AA00A6DEFF /* Frameworks */ = {
			isa = PBXFrameworksBuildPhase;
			buildActionMask = 2147483647;
			files = (
			);
			runOnlyForDeploymentPostprocessing = 0;
		};
/* End PBXFrameworksBuildPhase section */

/* Begin PBXGroup section */
		6CA263E52AD967A800A6DEFF = {
			isa = PBXGroup;
			children = (
				6CA263F02AD967A800A6DEFF /* SocialMediaApp */,
				6CA264012AD967A900A6DEFF /* SocialMediaAppTests */,
				6CA2640B2AD967AA00A6DEFF /* SocialMediaAppUITests */,
				6CA263EF2AD967A800A6DEFF /* Products */,
			);
			sourceTree = "<group>";
		};
		6CA263EF2AD967A800A6DEFF /* Products */ = {
			isa = PBXGroup;
			children = (
				6CA263EE2AD967A800A6DEFF /* SocialMediaApp.app */,
				6CA263FE2AD967A900A6DEFF /* SocialMediaAppTests.xctest */,
				6CA264082AD967AA00A6DEFF /* SocialMediaAppUITests.xctest */,
			);
			name = Products;
			sourceTree = "<group>";
		};
		6CA263F02AD967A800A6DEFF /* SocialMediaApp */ = {
			isa = PBXGroup;
			children = (
				6CA263F12AD967A800A6DEFF /* SocialMediaAppApp.swift */,
				6CA263F32AD967A800A6DEFF /* ContentView.swift */,
				6CA263F52AD967A900A6DEFF /* Assets.xcassets */,
				6CA263F72AD967A900A6DEFF /* Preview Content */,
			);
			path = SocialMediaApp;
			sourceTree = "<group>";
		};
		6CA263F72AD967A900A6DEFF /* Preview Content */ = {
			isa = PBXGroup;
			children = (
				6CA263F82AD967A900A6DEFF /* Preview Assets.xcassets */,
			);
			path = "Preview Content";
			sourceTree = "<group>";
		};
		6CA264012AD967A900A6DEFF /* SocialMediaAppTests */ = {
			isa = PBXGroup;
			children = (
				6CA264022AD967A900A6DEFF /* SocialMediaAppTests.swift */,
			);
			path = SocialMediaAppTests;
			sourceTree = "<group>";
		};
		6CA2640B2AD967AA00A6DEFF /* SocialMediaAppUITests */ = {
			isa = PBXGroup;
			children = (
				6CA2640C2AD967AA00A6DEFF /* SocialMediaAppUITests.swift */,
				6CA2640E2AD967AA00A6DEFF /* SocialMediaAppUITestsLaunchTests.swift */,
			);
			path = SocialMediaAppUITests;
			sourceTree = "<group>";
		};
/* End PBXGroup section */

/* Begin PBXNativeTarget section */
		6CA263ED2AD967A800A6DEFF /* SocialMediaApp */ = {
			isa = PBXNativeTarget;
			buildConfigurationList = 6CA264122AD967AA00A6DEFF /* Build configuration list for PBXNativeTarget "SocialMediaApp" */;
			buildPhases = (
				6CA263EA2AD967A800A6DEFF /* Sources */,
				6CA263EB2AD967A800A6DEFF /* Frameworks */,
				6CA263EC2AD967A800A6DEFF /* Resources */,
			);
			buildRules = (
			);
			dependencies = (
			);
			name = SocialMediaApp;
			productName = SocialMediaApp;
			productReference = 6CA263EE2AD967A800A6DEFF /* SocialMediaApp.app */;
			productType = "com.apple.product-type.application";
		};
		6CA263FD2AD967A900A6DEFF /* SocialMediaAppTests */ = {
			isa = PBXNativeTarget;
			buildConfigurationList = 6CA264152AD967AA00A6DEFF /* Build configuration list for PBXNativeTarget "SocialMediaAppTests" */;
			buildPhases = (
				6CA263FA2AD967A900A6DEFF /* Sources */,
				6CA263FB2AD967A900A6DEFF /* Frameworks */,
				6CA263FC2AD967A900A6DEFF /* Resources */,
			);
			buildRules = (
			);
			dependencies = (
				6CA264002AD967A900A6DEFF /* PBXTargetDependency */,
			);
			name = SocialMediaAppTests;
			productName = SocialMediaAppTests;
			productReference = 6CA263FE2AD967A900A6DEFF /* SocialMediaAppTests.xctest */;
			productType = "com.apple.product-type.bundle.unit-test";
		};
		6CA264072AD967AA00A6DEFF /* SocialMediaAppUITests */ = {
			isa = PBXNativeTarget;
			buildConfigurationList = 6CA264182AD967AA00A6DEFF /* Build configuration list for PBXNativeTarget "SocialMediaAppUITests" */;
			buildPhases = (
				6CA264042AD967AA00A6DEFF /* Sources */,
				6CA264052AD967AA00A6DEFF /* Frameworks */,
				6CA264062AD967AA00A6DEFF /* Resources */,
			);
			buildRules = (
			);
			dependencies = (
				6CA2640A2AD967AA00A6DEFF /* PBXTargetDependency */,
			);
			name = SocialMediaAppUITests;
			productName = SocialMediaAppUITests;
			productReference = 6CA264082AD967AA00A6DEFF /* SocialMediaAppUITests.xctest */;
			productType = "com.apple.product-type.bundle.ui-testing";
		};
/* End PBXNativeTarget section */

/* Begin PBXProject section */
		6CA263E62AD967A800A6DEFF /* Project object */ = {
			isa = PBXProject;
			attributes = {
				BuildIndependentTargetsInParallel = 1;
				LastSwiftUpdateCheck = 1500;
				LastUpgradeCheck = 1500;
				TargetAttributes = {
					6CA263ED2AD967A800A6DEFF = {
						CreatedOnToolsVersion = 15.0;
					};
					6CA263FD2AD967A900A6DEFF = {
						CreatedOnToolsVersion = 15.0;
						TestTargetID = 6CA263ED2AD967A800A6DEFF;
					};
					6CA264072AD967AA00A6DEFF = {
						CreatedOnToolsVersion = 15.0;
						TestTargetID = 6CA263ED2AD967A800A6DEFF;
					};
				};
			};
			buildConfigurationList = 6CA263E92AD967A800A6DEFF /* Build configuration list for PBXProject "SocialMediaApp" */;
			compatibilityVersion = "Xcode 14.0";
			developmentRegion = en;
			hasScannedForEncodings = 0;
			knownRegions = (
				en,
				Base,
			);
			mainGroup = 6CA263E52AD967A800A6DEFF;
			productRefGroup = 6CA263EF2AD967A800A6DEFF /* Products */;
			projectDirPath = "";
			projectRoot = "";
			targets = (
				6CA263ED2AD967A800A6DEFF /* SocialMediaApp */,
				6CA263FD2AD967A900A6DEFF /* SocialMediaAppTests */,
				6CA264072AD967AA00A6DEFF /* SocialMediaAppUITests */,
			);
		};
/* End PBXProject section */

/* Begin PBXResourcesBuildPhase section */
		6CA263EC2AD967A800A6DEFF /* Resources */ = {
			isa = PBXResourcesBuildPhase;
			buildActionMask = 2147483647;
			files = (
				6CA263F92AD967A900A6DEFF /* Preview Assets.xcassets in Resources */,
				6CA263F62AD967A900A6DEFF /* Assets.xcassets in Resources */,
			);
			runOnlyForDeploymentPostprocessing = 0;
		};
		6CA263FC2AD967A900A6DEFF /* Resources */ = {
			isa = PBXResourcesBuildPhase;
			buildActionMask = 2147483647;
			files = (
			);
			runOnlyForDeploymentPostprocessing = 0;
		};
		6CA264062AD967AA00A6DEFF /* Resources */ = {
			isa = PBXResourcesBuildPhase;
			buildActionMask = 2147483647;
			files = (
			);
			runOnlyForDeploymentPostprocessing = 0;
		};
/* End PBXResourcesBuildPhase section */

/* Begin PBXSourcesBuildPhase section */
		6CA263EA2AD967A800A6DEFF /* Sources */ = {
			isa = PBXSourcesBuildPhase;
			buildActionMask = 2147483647;
			files = (
				6CA263F42AD967A800A6DEFF /* ContentView.swift in Sources */,
				6CA263F22AD967A800A6DEFF /* SocialMediaAppApp.swift in Sources */,
			);
			runOnlyForDeploymentPostprocessing = 0;
		};
		6CA263FA2AD967A900A6DEFF /* Sources */ = {
			isa = PBXSourcesBuildPhase;
			buildActionMask = 2147483647;
			files = (
				6CA264032AD967A900A6DEFF /* SocialMediaAppTests.swift in Sources */,
			);
			runOnlyForDeploymentPostprocessing = 0;
		};
		6CA264042AD967AA00A6DEFF /* Sources */ = {
			isa = PBXSourcesBuildPhase;
			buildActionMask = 2147483647;
			files = (
				6CA2640F2AD967AA00A6DEFF /* SocialMediaAppUITestsLaunchTests.swift in Sources */,
				6CA2640D2AD967AA00A6DEFF /* SocialMediaAppUITests.swift in Sources */,
			);
			runOnlyForDeploymentPostprocessing = 0;
		};
/* End PBXSourcesBuildPhase section */

/* Begin PBXTargetDependency section */
		6CA264002AD967A900A6DEFF /* PBXTargetDependency */ = {
			isa = PBXTargetDependency;
			target = 6CA263ED2AD967A800A6DEFF /* SocialMediaApp */;
			targetProxy = 6CA263FF2AD967A900A6DEFF /* PBXContainerItemProxy */;
		};
		6CA2640A2AD967AA00A6DEFF /* PBXTargetDependency */ = {
			isa = PBXTargetDependency;
			target = 6CA263ED2AD967A800A6DEFF /* SocialMediaApp */;
			targetProxy = 6CA264092AD967AA00A6DEFF /* PBXContainerItemProxy */;
		};
/* End PBXTargetDependency section */

/* Begin XCBuildConfiguration section */
		6CA264102AD967AA00A6DEFF /* Debug */ = {
			isa = XCBuildConfiguration;
			buildSettings = {
				ALWAYS_SEARCH_USER_PATHS = NO;
				ASSETCATALOG_COMPILER_GENERATE_SWIFT_ASSET_SYMBOL_EXTENSIONS = YES;
				CLANG_ANALYZER_NONNULL = YES;
				CLANG_ANALYZER_NUMBER_OBJECT_CONVERSION = YES_AGGRESSIVE;
				CLANG_CXX_LANGUAGE_STANDARD = "gnu++20";
				CLANG_ENABLE_MODULES = YES;
				CLANG_ENABLE_OBJC_ARC = YES;
				CLANG_ENABLE_OBJC_WEAK = YES;
				CLANG_WARN_BLOCK_CAPTURE_AUTORELEASING = YES;
				CLANG_WARN_BOOL_CONVERSION = YES;
				CLANG_WARN_COMMA = YES;
				CLANG_WARN_CONSTANT_CONVERSION = YES;
				CLANG_WARN_DEPRECATED_OBJC_IMPLEMENTATIONS = YES;
				CLANG_WARN_DIRECT_OBJC_ISA_USAGE = YES_ERROR;
				CLANG_WARN_DOCUMENTATION_COMMENTS = YES;
				CLANG_WARN_EMPTY_BODY = YES;
				CLANG_WARN_ENUM_CONVERSION = YES;
				CLANG_WARN_INFINITE_RECURSION = YES;
				CLANG_WARN_INT_CONVERSION = YES;
				CLANG_WARN_NON_LITERAL_NULL_CONVERSION = YES;
				CLANG_WARN_OBJC_IMPLICIT_RETAIN_SELF = YES;
				CLANG_WARN_OBJC_LITERAL_CONVERSION = YES;
				CLANG_WARN_OBJC_ROOT_CLASS = YES_ERROR;
				CLANG_WARN_QUOTED_INCLUDE_IN_FRAMEWORK_HEADER = YES;
				CLANG_WARN_RANGE_LOOP_ANALYSIS = YES;
				CLANG_WARN_STRICT_PROTOTYPES = YES;
				CLANG_WARN_SUSPICIOUS_MOVE = YES;
				CLANG_WARN_UNGUARDED_AVAILABILITY = YES_AGGRESSIVE;
				CLANG_WARN_UNREACHABLE_CODE = YES;
				CLANG_WARN__DUPLICATE_METHOD_MATCH = YES;
				COPY_PHASE_STRIP = NO;
				DEBUG_INFORMATION_FORMAT = dwarf;
				ENABLE_STRICT_OBJC_MSGSEND = YES;
				ENABLE_TESTABILITY = YES;
				ENABLE_USER_SCRIPT_SANDBOXING = YES;
				GCC_C_LANGUAGE_STANDARD = gnu17;
				GCC_DYNAMIC_NO_PIC = NO;
				GCC_NO_COMMON_BLOCKS = YES;
				GCC_OPTIMIZATION_LEVEL = 0;
				GCC_PREPROCESSOR_DEFINITIONS = (
					"DEBUG=1",
					"$(inherited)",
				);
				GCC_WARN_64_TO_32_BIT_CONVERSION = YES;
				GCC_WARN_ABOUT_RETURN_TYPE = YES_ERROR;
				GCC_WARN_UNDECLARED_SELECTOR = YES;
				GCC_WARN_UNINITIALIZED_AUTOS = YES_AGGRESSIVE;
				GCC_WARN_UNUSED_FUNCTION = YES;
				GCC_WARN_UNUSED_VARIABLE = YES;
				IPHONEOS_DEPLOYMENT_TARGET = 17.0;
				LOCALIZATION_PREFERS_STRING_CATALOGS = YES;
				MTL_ENABLE_DEBUG_INFO = INCLUDE_SOURCE;
				MTL_FAST_MATH = YES;
				ONLY_ACTIVE_ARCH = YES;
				SDKROOT = iphoneos;
				SWIFT_ACTIVE_COMPILATION_CONDITIONS = "DEBUG $(inherited)";
				SWIFT_OPTIMIZATION_LEVEL = "-Onone";
			};
			name = Debug;
		};
		6CA264112AD967AA00A6DEFF /* Release */ = {
			isa = XCBuildConfiguration;
			buildSettings = {
				ALWAYS_SEARCH_USER_PATHS = NO;
				ASSETCATALOG_COMPILER_GENERATE_SWIFT_ASSET_SYMBOL_EXTENSIONS = YES;
				CLANG_ANALYZER_NONNULL = YES;
				CLANG_ANALYZER_NUMBER_OBJECT_CONVERSION = YES_AGGRESSIVE;
				CLANG_CXX_LANGUAGE_STANDARD = "gnu++20";
				CLANG_ENABLE_MODULES = YES;
				CLANG_ENABLE_OBJC_ARC = YES;
				CLANG_ENABLE_OBJC_WEAK = YES;
				CLANG_WARN_BLOCK_CAPTURE_AUTORELEASING = YES;
				CLANG_WARN_BOOL_CONVERSION = YES;
				CLANG_WARN_COMMA = YES;
				CLANG_WARN_CONSTANT_CONVERSION = YES;
				CLANG_WARN_DEPRECATED_OBJC_IMPLEMENTATIONS = YES;
				CLANG_WARN_DIRECT_OBJC_ISA_USAGE = YES_ERROR;
				CLANG_WARN_DOCUMENTATION_COMMENTS = YES;
				CLANG_WARN_EMPTY_BODY = YES;
				CLANG_WARN_ENUM_CONVERSION = YES;
				CLANG_WARN_INFINITE_RECURSION = YES;
				CLANG_WARN_INT_CONVERSION = YES;
				CLANG_WARN_NON_LITERAL_NULL_CONVERSION = YES;
				CLANG_WARN_OBJC_IMPLICIT_RETAIN_SELF = YES;
				CLANG_WARN_OBJC_LITERAL_CONVERSION = YES;
				CLANG_WARN_OBJC_ROOT_CLASS = YES_ERROR;
				CLANG_WARN_QUOTED_INCLUDE_IN_FRAMEWORK_HEADER = YES;
				CLANG_WARN_RANGE_LOOP_ANALYSIS = YES;
				CLANG_WARN_STRICT_PROTOTYPES = YES;
				CLANG_WARN_SUSPICIOUS_MOVE = YES;
				CLANG_WARN_UNGUARDED_AVAILABILITY = YES_AGGRESSIVE;
				CLANG_WARN_UNREACHABLE_CODE = YES;
				CLANG_WARN__DUPLICATE_METHOD_MATCH = YES;
				COPY_PHASE_STRIP = NO;
				DEBUG_INFORMATION_FORMAT = "dwarf-with-dsym";
				ENABLE_NS_ASSERTIONS = NO;
				ENABLE_STRICT_OBJC_MSGSEND = YES;
				ENABLE_USER_SCRIPT_SANDBOXING = YES;
				GCC_C_LANGUAGE_STANDARD = gnu17;
				GCC_NO_COMMON_BLOCKS = YES;
				GCC_WARN_64_TO_32_BIT_CONVERSION = YES;
				GCC_WARN_ABOUT_RETURN_TYPE = YES_ERROR;
				GCC_WARN_UNDECLARED_SELECTOR = YES;
				GCC_WARN_UNINITIALIZED_AUTOS = YES_AGGRESSIVE;
				GCC_WARN_UNUSED_FUNCTION = YES;
				GCC_WARN_UNUSED_VARIABLE = YES;
				IPHONEOS_DEPLOYMENT_TARGET = 17.0;
				LOCALIZATION_PREFERS_STRING_CATALOGS = YES;
				MTL_ENABLE_DEBUG_INFO = NO;
				MTL_FAST_MATH = YES;
				SDKROOT = iphoneos;
				SWIFT_COMPILATION_MODE = wholemodule;
				VALIDATE_PRODUCT = YES;
			};
			name = Release;
		};
		6CA264132AD967AA00A6DEFF /* Debug */ = {
			isa = XCBuildConfiguration;
			buildSettings = {
				ASSETCATALOG_COMPILER_APPICON_NAME = AppIcon;
				ASSETCATALOG_COMPILER_GLOBAL_ACCENT_COLOR_NAME = AccentColor;
				CODE_SIGN_STYLE = Automatic;
				CURRENT_PROJECT_VERSION = 1;
				DEVELOPMENT_ASSET_PATHS = "\"SocialMediaApp/Preview Content\"";
				ENABLE_PREVIEWS = YES;
				GENERATE_INFOPLIST_FILE = YES;
				INFOPLIST_KEY_UIApplicationSceneManifest_Generation = YES;
				INFOPLIST_KEY_UIApplicationSupportsIndirectInputEvents = YES;
				INFOPLIST_KEY_UILaunchScreen_Generation = YES;
				INFOPLIST_KEY_UISupportedInterfaceOrientations_iPad = "UIInterfaceOrientationPortrait UIInterfaceOrientationPortraitUpsideDown UIInterfaceOrientationLandscapeLeft UIInterfaceOrientationLandscapeRight";
				INFOPLIST_KEY_UISupportedInterfaceOrientations_iPhone = "UIInterfaceOrientationPortrait UIInterfaceOrientationLandscapeLeft UIInterfaceOrientationLandscapeRight";
				LD_RUNPATH_SEARCH_PATHS = (
					"$(inherited)",
					"@executable_path/Frameworks",
				);
				MARKETING_VERSION = 1.0;
				PRODUCT_BUNDLE_IDENTIFIER = com.SocialMediaApp;
				PRODUCT_NAME = "$(TARGET_NAME)";
				SWIFT_EMIT_LOC_STRINGS = YES;
				SWIFT_VERSION = 5.0;
				TARGETED_DEVICE_FAMILY = "1,2";
			};
			name = Debug;
		};
		6CA264142AD967AA00A6DEFF /* Release */ = {
			isa = XCBuildConfiguration;
			buildSettings = {
				ASSETCATALOG_COMPILER_APPICON_NAME = AppIcon;
				ASSETCATALOG_COMPILER_GLOBAL_ACCENT_COLOR_NAME = AccentColor;
				CODE_SIGN_STYLE = Automatic;
				CURRENT_PROJECT_VERSION = 1;
				DEVELOPMENT_ASSET_PATHS = "\"SocialMediaApp/Preview Content\"";
				ENABLE_PREVIEWS = YES;
				GENERATE_INFOPLIST_FILE = YES;
				INFOPLIST_KEY_UIApplicationSceneManifest_Generation = YES;
				INFOPLIST_KEY_UIApplicationSupportsIndirectInputEvents = YES;
				INFOPLIST_KEY_UILaunchScreen_Generation = YES;
				INFOPLIST_KEY_UISupportedInterfaceOrientations_iPad = "UIInterfaceOrientationPortrait UIInterfaceOrientationPortraitUpsideDown UIInterfaceOrientationLandscapeLeft UIInterfaceOrientationLandscapeRight";
				INFOPLIST_KEY_UISupportedInterfaceOrientations_iPhone = "UIInterfaceOrientationPortrait UIInterfaceOrientationLandscapeLeft UIInterfaceOrientationLandscapeRight";
				LD_RUNPATH_SEARCH_PATHS = (
					"$(inherited)",
					"@executable_path/Frameworks",
				);
				MARKETING_VERSION = 1.0;
				PRODUCT_BUNDLE_IDENTIFIER = com.SocialMediaApp;
				PRODUCT_NAME = "$(TARGET_NAME)";
				SWIFT_EMIT_LOC_STRINGS = YES;
				SWIFT_VERSION = 5.0;
				TARGETED_DEVICE_FAMILY = "1,2";
			};
			name = Release;
		};
		6CA264162AD967AA00A6DEFF /* Debug */ = {
			isa = XCBuildConfiguration;
			buildSettings = {
				ALWAYS_EMBED_SWIFT_STANDARD_LIBRARIES = YES;
				BUNDLE_LOADER = "$(TEST_HOST)";
				CODE_SIGN_STYLE = Automatic;
				CURRENT_PROJECT_VERSION = 1;
				GENERATE_INFOPLIST_FILE = YES;
				IPHONEOS_DEPLOYMENT_TARGET = 17.0;
				MARKETING_VERSION = 1.0;
				PRODUCT_BUNDLE_IDENTIFIER = com.SocialMediaAppTests;
				PRODUCT_NAME = "$(TARGET_NAME)";
				SWIFT_EMIT_LOC_STRINGS = NO;
				SWIFT_VERSION = 5.0;
				TARGETED_DEVICE_FAMILY = "1,2";
				TEST_HOST = "$(BUILT_PRODUCTS_DIR)/SocialMediaApp.app/$(BUNDLE_EXECUTABLE_FOLDER_PATH)/SocialMediaApp";
			};
			name = Debug;
		};
		6CA264172AD967AA00A6DEFF /* Release */ = {
			isa = XCBuildConfiguration;
			buildSettings = {
				ALWAYS_EMBED_SWIFT_STANDARD_LIBRARIES = YES;
				BUNDLE_LOADER = "$(TEST_HOST)";
				CODE_SIGN_STYLE = Automatic;
				CURRENT_PROJECT_VERSION = 1;
				GENERATE_INFOPLIST_FILE = YES;
				IPHONEOS_DEPLOYMENT_TARGET = 17.0;
				MARKETING_VERSION = 1.0;
				PRODUCT_BUNDLE_IDENTIFIER = com.SocialMediaAppTests;
				PRODUCT_NAME = "$(TARGET_NAME)";
				SWIFT_EMIT_LOC_STRINGS = NO;
				SWIFT_VERSION = 5.0;
				TARGETED_DEVICE_FAMILY = "1,2";
				TEST_HOST = "$(BUILT_PRODUCTS_DIR)/SocialMediaApp.app/$(BUNDLE_EXECUTABLE_FOLDER_PATH)/SocialMediaApp";
			};
			name = Release;
		};
		6CA264192AD967AA00A6DEFF /* Debug */ = {
			isa = XCBuildConfiguration;
			buildSettings = {
				ALWAYS_EMBED_SWIFT_STANDARD_LIBRARIES = YES;
				CODE_SIGN_STYLE = Automatic;
				CURRENT_PROJECT_VERSION = 1;
				GENERATE_INFOPLIST_FILE = YES;
				MARKETING_VERSION = 1.0;
				PRODUCT_BUNDLE_IDENTIFIER = com.SocialMediaAppUITests;
				PRODUCT_NAME = "$(TARGET_NAME)";
				SWIFT_EMIT_LOC_STRINGS = NO;
				SWIFT_VERSION = 5.0;
				TARGETED_DEVICE_FAMILY = "1,2";
				TEST_TARGET_NAME = SocialMediaApp;
			};
			name = Debug;
		};
		6CA2641A2AD967AA00A6DEFF /* Release */ = {
			isa = XCBuildConfiguration;
			buildSettings = {
				ALWAYS_EMBED_SWIFT_STANDARD_LIBRARIES = YES;
				CODE_SIGN_STYLE = Automatic;
				CURRENT_PROJECT_VERSION = 1;
				GENERATE_INFOPLIST_FILE = YES;
				MARKETING_VERSION = 1.0;
				PRODUCT_BUNDLE_IDENTIFIER = com.SocialMediaAppUITests;
				PRODUCT_NAME = "$(TARGET_NAME)";
				SWIFT_EMIT_LOC_STRINGS = NO;
				SWIFT_VERSION = 5.0;
				TARGETED_DEVICE_FAMILY = "1,2";
				TEST_TARGET_NAME = SocialMediaApp;
			};
			name = Release;
		};
/* End XCBuildConfiguration section */

/* Begin XCConfigurationList section */
		6CA263E92AD967A800A6DEFF /* Build configuration list for PBXProject "SocialMediaApp" */ = {
			isa = XCConfigurationList;
			buildConfigurations = (
				6CA264102AD967AA00A6DEFF /* Debug */,
				6CA264112AD967AA00A6DEFF /* Release */,
			);
			defaultConfigurationIsVisible = 0;
			defaultConfigurationName = Release;
		};
		6CA264122AD967AA00A6DEFF /* Build configuration list for PBXNativeTarget "SocialMediaApp" */ = {
			isa = XCConfigurationList;
			buildConfigurations = (
				6CA264132AD967AA00A6DEFF /* Debug */,
				6CA264142AD967AA00A6DEFF /* Release */,
			);
			defaultConfigurationIsVisible = 0;
			defaultConfigurationName = Release;
		};
		6CA264152AD967AA00A6DEFF /* Build configuration list for PBXNativeTarget "SocialMediaAppTests" */ = {
			isa = XCConfigurationList;
			buildConfigurations = (
				6CA264162AD967AA00A6DEFF /* Debug */,
				6CA264172AD967AA00A6DEFF /* Release */,
			);
			defaultConfigurationIsVisible = 0;
			defaultConfigurationName = Release;
		};
		6CA264182AD967AA00A6DEFF /* Build configuration list for PBXNativeTarget "SocialMediaAppUITests" */ = {
			isa = XCConfigurationList;
			buildConfigurations = (
				6CA264192AD967AA00A6DEFF /* Debug */,
				6CA2641A2AD967AA00A6DEFF /* Release */,
			);
			defaultConfigurationIsVisible = 0;
			defaultConfigurationName = Release;
		};
/* End XCConfigurationList section */
	};
	rootObject = 6CA263E62AD967A800A6DEFF /* Project object */;
}
